// !$*UTF8*$!
{
	archiveVersion = 1;
	classes = {
	};
	objectVersion = 50;
	objects = {

/* Begin PBXBuildFile section */
		A576AC9F23E72C15005FD25E /* AppDelegate.swift in Sources */ = {isa = PBXBuildFile; fileRef = A576AC9E23E72C15005FD25E /* AppDelegate.swift */; };
		A576ACA123E72C15005FD25E /* SceneDelegate.swift in Sources */ = {isa = PBXBuildFile; fileRef = A576ACA023E72C15005FD25E /* SceneDelegate.swift */; };
		A576ACA323E72C15005FD25E /* ViewController.swift in Sources */ = {isa = PBXBuildFile; fileRef = A576ACA223E72C15005FD25E /* ViewController.swift */; };
		A576ACA623E72C15005FD25E /* Main.storyboard in Resources */ = {isa = PBXBuildFile; fileRef = A576ACA423E72C15005FD25E /* Main.storyboard */; };
		A576ACA823E72C17005FD25E /* Assets.xcassets in Resources */ = {isa = PBXBuildFile; fileRef = A576ACA723E72C17005FD25E /* Assets.xcassets */; };
		A576ACAB23E72C17005FD25E /* LaunchScreen.storyboard in Resources */ = {isa = PBXBuildFile; fileRef = A576ACA923E72C17005FD25E /* LaunchScreen.storyboard */; };
		A576ACB623E72C17005FD25E /* RedditFeedTests.swift in Sources */ = {isa = PBXBuildFile; fileRef = A576ACB523E72C17005FD25E /* RedditFeedTests.swift */; };
/* End PBXBuildFile section */

/* Begin PBXContainerItemProxy section */
		A576ACB223E72C17005FD25E /* PBXContainerItemProxy */ = {
			isa = PBXContainerItemProxy;
			containerPortal = A576AC9323E72C15005FD25E /* Project object */;
			proxyType = 1;
			remoteGlobalIDString = A576AC9A23E72C15005FD25E;
			remoteInfo = RedditFeed;
		};
/* End PBXContainerItemProxy section */

/* Begin PBXFileReference section */
		A576AC9B23E72C15005FD25E /* RedditFeed.app */ = {isa = PBXFileReference; explicitFileType = wrapper.application; includeInIndex = 0; path = RedditFeed.app; sourceTree = BUILT_PRODUCTS_DIR; };
		A576AC9E23E72C15005FD25E /* AppDelegate.swift */ = {isa = PBXFileReference; lastKnownFileType = sourcecode.swift; path = AppDelegate.swift; sourceTree = "<group>"; };
		A576ACA023E72C15005FD25E /* SceneDelegate.swift */ = {isa = PBXFileReference; lastKnownFileType = sourcecode.swift; path = SceneDelegate.swift; sourceTree = "<group>"; };
		A576ACA223E72C15005FD25E /* ViewController.swift */ = {isa = PBXFileReference; lastKnownFileType = sourcecode.swift; path = ViewController.swift; sourceTree = "<group>"; };
		A576ACA523E72C15005FD25E /* Base */ = {isa = PBXFileReference; lastKnownFileType = file.storyboard; name = Base; path = Base.lproj/Main.storyboard; sourceTree = "<group>"; };
		A576ACA723E72C17005FD25E /* Assets.xcassets */ = {isa = PBXFileReference; lastKnownFileType = folder.assetcatalog; path = Assets.xcassets; sourceTree = "<group>"; };
		A576ACAA23E72C17005FD25E /* Base */ = {isa = PBXFileReference; lastKnownFileType = file.storyboard; name = Base; path = Base.lproj/LaunchScreen.storyboard; sourceTree = "<group>"; };
		A576ACAC23E72C17005FD25E /* Info.plist */ = {isa = PBXFileReference; lastKnownFileType = text.plist.xml; path = Info.plist; sourceTree = "<group>"; };
		A576ACB123E72C17005FD25E /* RedditFeedTests.xctest */ = {isa = PBXFileReference; explicitFileType = wrapper.cfbundle; includeInIndex = 0; path = RedditFeedTests.xctest; sourceTree = BUILT_PRODUCTS_DIR; };
		A576ACB523E72C17005FD25E /* RedditFeedTests.swift */ = {isa = PBXFileReference; lastKnownFileType = sourcecode.swift; path = RedditFeedTests.swift; sourceTree = "<group>"; };
		A576ACB723E72C17005FD25E /* Info.plist */ = {isa = PBXFileReference; lastKnownFileType = text.plist.xml; path = Info.plist; sourceTree = "<group>"; };
/* End PBXFileReference section */

/* Begin PBXFrameworksBuildPhase section */
		A576AC9823E72C15005FD25E /* Frameworks */ = {
			isa = PBXFrameworksBuildPhase;
			buildActionMask = 2147483647;
			files = (
			);
			runOnlyForDeploymentPostprocessing = 0;
		};
		A576ACAE23E72C17005FD25E /* Frameworks */ = {
			isa = PBXFrameworksBuildPhase;
			buildActionMask = 2147483647;
			files = (
			);
			runOnlyForDeploymentPostprocessing = 0;
		};
/* End PBXFrameworksBuildPhase section */

/* Begin PBXGroup section */
		A576AC9223E72C15005FD25E = {
			isa = PBXGroup;
			children = (
				A576AC9D23E72C15005FD25E /* RedditFeed */,
				A576ACB423E72C17005FD25E /* RedditFeedTests */,
				A576AC9C23E72C15005FD25E /* Products */,
			);
			sourceTree = "<group>";
		};
		A576AC9C23E72C15005FD25E /* Products */ = {
			isa = PBXGroup;
			children = (
				A576AC9B23E72C15005FD25E /* RedditFeed.app */,
				A576ACB123E72C17005FD25E /* RedditFeedTests.xctest */,
			);
			name = Products;
			sourceTree = "<group>";
		};
		A576AC9D23E72C15005FD25E /* RedditFeed */ = {
			isa = PBXGroup;
			children = (
				A576AC9E23E72C15005FD25E /* AppDelegate.swift */,
				A576ACA023E72C15005FD25E /* SceneDelegate.swift */,
				A576ACA223E72C15005FD25E /* ViewController.swift */,
				A576ACA423E72C15005FD25E /* Main.storyboard */,
				A576ACA723E72C17005FD25E /* Assets.xcassets */,
				A576ACA923E72C17005FD25E /* LaunchScreen.storyboard */,
				A576ACAC23E72C17005FD25E /* Info.plist */,
			);
			path = RedditFeed;
			sourceTree = "<group>";
		};
		A576ACB423E72C17005FD25E /* RedditFeedTests */ = {
			isa = PBXGroup;
			children = (
				A576ACB523E72C17005FD25E /* RedditFeedTests.swift */,
				A576ACB723E72C17005FD25E /* Info.plist */,
			);
			path = RedditFeedTests;
			sourceTree = "<group>";
		};
/* End PBXGroup section */

/* Begin PBXNativeTarget section */
		A576AC9A23E72C15005FD25E /* RedditFeed */ = {
			isa = PBXNativeTarget;
			buildConfigurationList = A576ACBA23E72C17005FD25E /* Build configuration list for PBXNativeTarget "RedditFeed" */;
			buildPhases = (
				A576AC9723E72C15005FD25E /* Sources */,
				A576AC9823E72C15005FD25E /* Frameworks */,
				A576AC9923E72C15005FD25E /* Resources */,
			);
			buildRules = (
			);
			dependencies = (
			);
			name = RedditFeed;
			productName = RedditFeed;
			productReference = A576AC9B23E72C15005FD25E /* RedditFeed.app */;
			productType = "com.apple.product-type.application";
		};
		A576ACB023E72C17005FD25E /* RedditFeedTests */ = {
			isa = PBXNativeTarget;
			buildConfigurationList = A576ACBD23E72C17005FD25E /* Build configuration list for PBXNativeTarget "RedditFeedTests" */;
			buildPhases = (
				A576ACAD23E72C17005FD25E /* Sources */,
				A576ACAE23E72C17005FD25E /* Frameworks */,
				A576ACAF23E72C17005FD25E /* Resources */,
			);
			buildRules = (
			);
			dependencies = (
				A576ACB323E72C17005FD25E /* PBXTargetDependency */,
			);
			name = RedditFeedTests;
			productName = RedditFeedTests;
			productReference = A576ACB123E72C17005FD25E /* RedditFeedTests.xctest */;
			productType = "com.apple.product-type.bundle.unit-test";
		};
/* End PBXNativeTarget section */

/* Begin PBXProject section */
		A576AC9323E72C15005FD25E /* Project object */ = {
			isa = PBXProject;
			attributes = {
				LastSwiftUpdateCheck = 1130;
				LastUpgradeCheck = 1130;
				ORGANIZATIONNAME = "Mykola Savoniuk";
				TargetAttributes = {
					A576AC9A23E72C15005FD25E = {
						CreatedOnToolsVersion = 11.3;
					};
					A576ACB023E72C17005FD25E = {
						CreatedOnToolsVersion = 11.3;
						TestTargetID = A576AC9A23E72C15005FD25E;
					};
				};
			};
			buildConfigurationList = A576AC9623E72C15005FD25E /* Build configuration list for PBXProject "RedditFeed" */;
			compatibilityVersion = "Xcode 9.3";
			developmentRegion = en;
			hasScannedForEncodings = 0;
			knownRegions = (
				en,
				Base,
			);
			mainGroup = A576AC9223E72C15005FD25E;
			productRefGroup = A576AC9C23E72C15005FD25E /* Products */;
			projectDirPath = "";
			projectRoot = "";
			targets = (
				A576AC9A23E72C15005FD25E /* RedditFeed */,
				A576ACB023E72C17005FD25E /* RedditFeedTests */,
			);
		};
/* End PBXProject section */

/* Begin PBXResourcesBuildPhase section */
		A576AC9923E72C15005FD25E /* Resources */ = {
			isa = PBXResourcesBuildPhase;
			buildActionMask = 2147483647;
			files = (
				A576ACAB23E72C17005FD25E /* LaunchScreen.storyboard in Resources */,
				A576ACA823E72C17005FD25E /* Assets.xcassets in Resources */,
				A576ACA623E72C15005FD25E /* Main.storyboard in Resources */,
			);
			runOnlyForDeploymentPostprocessing = 0;
		};
		A576ACAF23E72C17005FD25E /* Resources */ = {
			isa = PBXResourcesBuildPhase;
			buildActionMask = 2147483647;
			files = (
			);
			runOnlyForDeploymentPostprocessing = 0;
		};
/* End PBXResourcesBuildPhase section */

/* Begin PBXSourcesBuildPhase section */
		A576AC9723E72C15005FD25E /* Sources */ = {
			isa = PBXSourcesBuildPhase;
			buildActionMask = 2147483647;
			files = (
				A576ACA323E72C15005FD25E /* ViewController.swift in Sources */,
				A576AC9F23E72C15005FD25E /* AppDelegate.swift in Sources */,
				A576ACA123E72C15005FD25E /* SceneDelegate.swift in Sources */,
			);
			runOnlyForDeploymentPostprocessing = 0;
		};
		A576ACAD23E72C17005FD25E /* Sources */ = {
			isa = PBXSourcesBuildPhase;
			buildActionMask = 2147483647;
			files = (
				A576ACB623E72C17005FD25E /* RedditFeedTests.swift in Sources */,
			);
			runOnlyForDeploymentPostprocessing = 0;
		};
/* End PBXSourcesBuildPhase section */

/* Begin PBXTargetDependency section */
		A576ACB323E72C17005FD25E /* PBXTargetDependency */ = {
			isa = PBXTargetDependency;
			target = A576AC9A23E72C15005FD25E /* RedditFeed */;
			targetProxy = A576ACB223E72C17005FD25E /* PBXContainerItemProxy */;
		};
/* End PBXTargetDependency section */

/* Begin PBXVariantGroup section */
		A576ACA423E72C15005FD25E /* Main.storyboard */ = {
			isa = PBXVariantGroup;
			children = (
				A576ACA523E72C15005FD25E /* Base */,
			);
			name = Main.storyboard;
			sourceTree = "<group>";
		};
		A576ACA923E72C17005FD25E /* LaunchScreen.storyboard */ = {
			isa = PBXVariantGroup;
			children = (
				A576ACAA23E72C17005FD25E /* Base */,
			);
			name = LaunchScreen.storyboard;
			sourceTree = "<group>";
		};
/* End PBXVariantGroup section */

/* Begin XCBuildConfiguration section */
		A576ACB823E72C17005FD25E /* Debug */ = {
			isa = XCBuildConfiguration;
			buildSettings = {
				ALWAYS_SEARCH_USER_PATHS = NO;
				CLANG_ANALYZER_NONNULL = YES;
				CLANG_ANALYZER_NUMBER_OBJECT_CONVERSION = YES_AGGRESSIVE;
				CLANG_CXX_LANGUAGE_STANDARD = "gnu++14";
				CLANG_CXX_LIBRARY = "libc++";
				CLANG_ENABLE_MODULES = YES;
				CLANG_ENABLE_OBJC_ARC = YES;
				CLANG_ENABLE_OBJC_WEAK = YES;
				CLANG_WARN_BLOCK_CAPTURE_AUTORELEASING = YES;
				CLANG_WARN_BOOL_CONVERSION = YES;
				CLANG_WARN_COMMA = YES;
				CLANG_WARN_CONSTANT_CONVERSION = YES;
				CLANG_WARN_DEPRECATED_OBJC_IMPLEMENTATIONS = YES;
				CLANG_WARN_DIRECT_OBJC_ISA_USAGE = YES_ERROR;
				CLANG_WARN_DOCUMENTATION_COMMENTS = YES;
				CLANG_WARN_EMPTY_BODY = YES;
				CLANG_WARN_ENUM_CONVERSION = YES;
				CLANG_WARN_INFINITE_RECURSION = YES;
				CLANG_WARN_INT_CONVERSION = YES;
				CLANG_WARN_NON_LITERAL_NULL_CONVERSION = YES;
				CLANG_WARN_OBJC_IMPLICIT_RETAIN_SELF = YES;
				CLANG_WARN_OBJC_LITERAL_CONVERSION = YES;
				CLANG_WARN_OBJC_ROOT_CLASS = YES_ERROR;
				CLANG_WARN_RANGE_LOOP_ANALYSIS = YES;
				CLANG_WARN_STRICT_PROTOTYPES = YES;
				CLANG_WARN_SUSPICIOUS_MOVE = YES;
				CLANG_WARN_UNGUARDED_AVAILABILITY = YES_AGGRESSIVE;
				CLANG_WARN_UNREACHABLE_CODE = YES;
				CLANG_WARN__DUPLICATE_METHOD_MATCH = YES;
				COPY_PHASE_STRIP = NO;
				DEBUG_INFORMATION_FORMAT = dwarf;
				ENABLE_STRICT_OBJC_MSGSEND = YES;
				ENABLE_TESTABILITY = YES;
				GCC_C_LANGUAGE_STANDARD = gnu11;
				GCC_DYNAMIC_NO_PIC = NO;
				GCC_NO_COMMON_BLOCKS = YES;
				GCC_OPTIMIZATION_LEVEL = 0;
				GCC_PREPROCESSOR_DEFINITIONS = (
					"DEBUG=1",
					"$(inherited)",
				);
				GCC_WARN_64_TO_32_BIT_CONVERSION = YES;
				GCC_WARN_ABOUT_RETURN_TYPE = YES_ERROR;
				GCC_WARN_UNDECLARED_SELECTOR = YES;
				GCC_WARN_UNINITIALIZED_AUTOS = YES_AGGRESSIVE;
				GCC_WARN_UNUSED_FUNCTION = YES;
				GCC_WARN_UNUSED_VARIABLE = YES;
				IPHONEOS_DEPLOYMENT_TARGET = 13.2;
				MTL_ENABLE_DEBUG_INFO = INCLUDE_SOURCE;
				MTL_FAST_MATH = YES;
				ONLY_ACTIVE_ARCH = YES;
				SDKROOT = iphoneos;
				SWIFT_ACTIVE_COMPILATION_CONDITIONS = DEBUG;
				SWIFT_OPTIMIZATION_LEVEL = "-Onone";
			};
			name = Debug;
		};
		A576ACB923E72C17005FD25E /* Release */ = {
			isa = XCBuildConfiguration;
			buildSettings = {
				ALWAYS_SEARCH_USER_PATHS = NO;
				CLANG_ANALYZER_NONNULL = YES;
				CLANG_ANALYZER_NUMBER_OBJECT_CONVERSION = YES_AGGRESSIVE;
				CLANG_CXX_LANGUAGE_STANDARD = "gnu++14";
				CLANG_CXX_LIBRARY = "libc++";
				CLANG_ENABLE_MODULES = YES;
				CLANG_ENABLE_OBJC_ARC = YES;
				CLANG_ENABLE_OBJC_WEAK = YES;
				CLANG_WARN_BLOCK_CAPTURE_AUTORELEASING = YES;
				CLANG_WARN_BOOL_CONVERSION = YES;
				CLANG_WARN_COMMA = YES;
				CLANG_WARN_CONSTANT_CONVERSION = YES;
				CLANG_WARN_DEPRECATED_OBJC_IMPLEMENTATIONS = YES;
				CLANG_WARN_DIRECT_OBJC_ISA_USAGE = YES_ERROR;
				CLANG_WARN_DOCUMENTATION_COMMENTS = YES;
				CLANG_WARN_EMPTY_BODY = YES;
				CLANG_WARN_ENUM_CONVERSION = YES;
				CLANG_WARN_INFINITE_RECURSION = YES;
				CLANG_WARN_INT_CONVERSION = YES;
				CLANG_WARN_NON_LITERAL_NULL_CONVERSION = YES;
				CLANG_WARN_OBJC_IMPLICIT_RETAIN_SELF = YES;
				CLANG_WARN_OBJC_LITERAL_CONVERSION = YES;
				CLANG_WARN_OBJC_ROOT_CLASS = YES_ERROR;
				CLANG_WARN_RANGE_LOOP_ANALYSIS = YES;
				CLANG_WARN_STRICT_PROTOTYPES = YES;
				CLANG_WARN_SUSPICIOUS_MOVE = YES;
				CLANG_WARN_UNGUARDED_AVAILABILITY = YES_AGGRESSIVE;
				CLANG_WARN_UNREACHABLE_CODE = YES;
				CLANG_WARN__DUPLICATE_METHOD_MATCH = YES;
				COPY_PHASE_STRIP = NO;
				DEBUG_INFORMATION_FORMAT = "dwarf-with-dsym";
				ENABLE_NS_ASSERTIONS = NO;
				ENABLE_STRICT_OBJC_MSGSEND = YES;
				GCC_C_LANGUAGE_STANDARD = gnu11;
				GCC_NO_COMMON_BLOCKS = YES;
				GCC_WARN_64_TO_32_BIT_CONVERSION = YES;
				GCC_WARN_ABOUT_RETURN_TYPE = YES_ERROR;
				GCC_WARN_UNDECLARED_SELECTOR = YES;
				GCC_WARN_UNINITIALIZED_AUTOS = YES_AGGRESSIVE;
				GCC_WARN_UNUSED_FUNCTION = YES;
				GCC_WARN_UNUSED_VARIABLE = YES;
				IPHONEOS_DEPLOYMENT_TARGET = 13.2;
				MTL_ENABLE_DEBUG_INFO = NO;
				MTL_FAST_MATH = YES;
				SDKROOT = iphoneos;
				SWIFT_COMPILATION_MODE = wholemodule;
				SWIFT_OPTIMIZATION_LEVEL = "-O";
				VALIDATE_PRODUCT = YES;
			};
			name = Release;
		};
		A576ACBB23E72C17005FD25E /* Debug */ = {
			isa = XCBuildConfiguration;
			buildSettings = {
				ASSETCATALOG_COMPILER_APPICON_NAME = AppIcon;
				CODE_SIGN_STYLE = Automatic;
				DEVELOPMENT_TEAM = 542228P7LA;
				INFOPLIST_FILE = RedditFeed/Info.plist;
				LD_RUNPATH_SEARCH_PATHS = (
					"$(inherited)",
					"@executable_path/Frameworks",
				);
				PRODUCT_BUNDLE_IDENTIFIER = Mike.RedditFeed;
				PRODUCT_NAME = "$(TARGET_NAME)";
				SWIFT_VERSION = 5.0;
				TARGETED_DEVICE_FAMILY = "1,2";
			};
			name = Debug;
		};
		A576ACBC23E72C17005FD25E /* Release */ = {
			isa = XCBuildConfiguration;
			buildSettings = {
				ASSETCATALOG_COMPILER_APPICON_NAME = AppIcon;
				CODE_SIGN_STYLE = Automatic;
				DEVELOPMENT_TEAM = 542228P7LA;
				INFOPLIST_FILE = RedditFeed/Info.plist;
				LD_RUNPATH_SEARCH_PATHS = (
					"$(inherited)",
					"@executable_path/Frameworks",
				);
				PRODUCT_BUNDLE_IDENTIFIER = Mike.RedditFeed;
				PRODUCT_NAME = "$(TARGET_NAME)";
				SWIFT_VERSION = 5.0;
				TARGETED_DEVICE_FAMILY = "1,2";
			};
			name = Release;
		};
		A576ACBE23E72C17005FD25E /* Debug */ = {
			isa = XCBuildConfiguration;
			buildSettings = {
				ALWAYS_EMBED_SWIFT_STANDARD_LIBRARIES = YES;
				BUNDLE_LOADER = "$(TEST_HOST)";
				CODE_SIGN_STYLE = Automatic;
				DEVELOPMENT_TEAM = 542228P7LA;
				INFOPLIST_FILE = RedditFeedTests/Info.plist;
				IPHONEOS_DEPLOYMENT_TARGET = 13.2;
				LD_RUNPATH_SEARCH_PATHS = (
					"$(inherited)",
					"@executable_path/Frameworks",
					"@loader_path/Frameworks",
				);
				PRODUCT_BUNDLE_IDENTIFIER = Mike.RedditFeedTests;
				PRODUCT_NAME = "$(TARGET_NAME)";
				SWIFT_VERSION = 5.0;
				TARGETED_DEVICE_FAMILY = "1,2";
				TEST_HOST = "$(BUILT_PRODUCTS_DIR)/RedditFeed.app/RedditFeed";
			};
			name = Debug;
		};
		A576ACBF23E72C17005FD25E /* Release */ = {
			isa = XCBuildConfiguration;
			buildSettings = {
				ALWAYS_EMBED_SWIFT_STANDARD_LIBRARIES = YES;
				BUNDLE_LOADER = "$(TEST_HOST)";
				CODE_SIGN_STYLE = Automatic;
				DEVELOPMENT_TEAM = 542228P7LA;
				INFOPLIST_FILE = RedditFeedTests/Info.plist;
				IPHONEOS_DEPLOYMENT_TARGET = 13.2;
				LD_RUNPATH_SEARCH_PATHS = (
					"$(inherited)",
					"@executable_path/Frameworks",
					"@loader_path/Frameworks",
				);
				PRODUCT_BUNDLE_IDENTIFIER = Mike.RedditFeedTests;
				PRODUCT_NAME = "$(TARGET_NAME)";
				SWIFT_VERSION = 5.0;
				TARGETED_DEVICE_FAMILY = "1,2";
				TEST_HOST = "$(BUILT_PRODUCTS_DIR)/RedditFeed.app/RedditFeed";
			};
			name = Release;
		};
/* End XCBuildConfiguration section */

/* Begin XCConfigurationList section */
		A576AC9623E72C15005FD25E /* Build configuration list for PBXProject "RedditFeed" */ = {
			isa = XCConfigurationList;
			buildConfigurations = (
				A576ACB823E72C17005FD25E /* Debug */,
				A576ACB923E72C17005FD25E /* Release */,
			);
			defaultConfigurationIsVisible = 0;
			defaultConfigurationName = Release;
		};
		A576ACBA23E72C17005FD25E /* Build configuration list for PBXNativeTarget "RedditFeed" */ = {
			isa = XCConfigurationList;
			buildConfigurations = (
				A576ACBB23E72C17005FD25E /* Debug */,
				A576ACBC23E72C17005FD25E /* Release */,
			);
			defaultConfigurationIsVisible = 0;
			defaultConfigurationName = Release;
		};
		A576ACBD23E72C17005FD25E /* Build configuration list for PBXNativeTarget "RedditFeedTests" */ = {
			isa = XCConfigurationList;
			buildConfigurations = (
				A576ACBE23E72C17005FD25E /* Debug */,
				A576ACBF23E72C17005FD25E /* Release */,
			);
			defaultConfigurationIsVisible = 0;
			defaultConfigurationName = Release;
		};
/* End XCConfigurationList section */
	};
	rootObject = A576AC9323E72C15005FD25E /* Project object */;
}
